
Microsoft Visual Studio Solution File, Format Version 12.00
# Visual Studio Version 17
VisualStudioVersion = 17.0.31903.59
MinimumVisualStudioVersion = 10.0.40219.1
Project("{2150E333-8FDC-42A3-9474-1A3956D46DE8}") = "src", "src", "{3A090B30-390C-4D84-BF89-CF093EC4AD7C}"
EndProject
Project("{2150E333-8FDC-42A3-9474-1A3956D46DE8}") = "server", "server", "{BF23AB27-FC2B-4EF5-88B0-EDE9A3299B6D}"
EndProject
Project("{FAE04EC0-301F-11D3-BF4B-00C04F79EFBC}") = "PushStream.Core", "src\server\PushStream.Core\PushStream.Core.csproj", "{7846FE58-F6A1-4BD3-9CA5-9D069C44669B}"
EndProject
Project("{FAE04EC0-301F-11D3-BF4B-00C04F79EFBC}") = "PushStream.AspNetCore", "src\server\PushStream.AspNetCore\PushStream.AspNetCore.csproj", "{3CD86077-E67B-421F-932A-22BF8E9E5967}"
EndProject
Project("{FAE04EC0-301F-11D3-BF4B-00C04F79EFBC}") = "PushStream.DemoApi", "src\server\PushStream.DemoApi\PushStream.DemoApi.csproj", "{F8B2D1A3-9C4E-4F5B-8D6A-1234567890AB}"
EndProject
Project("{2150E333-8FDC-42A3-9474-1A3956D46DE8}") = "tests", "tests", "{120FB209-6787-45FA-83BD-7A2975FFC6BA}"
EndProject
Project("{FAE04EC0-301F-11D3-BF4B-00C04F79EFBC}") = "PushStream.Core.Tests", "tests\PushStream.Core.Tests\PushStream.Core.Tests.csproj", "{93456994-F51B-4EAB-9B61-521EE724A1FC}"
EndProject
Project("{FAE04EC0-301F-11D3-BF4B-00C04F79EFBC}") = "PushStream.AspNetCore.Tests", "tests\PushStream.AspNetCore.Tests\PushStream.AspNetCore.Tests.csproj", "{A2A31179-8C0A-4F0F-97FB-3B4A1584DF79}"
EndProject
Global
	GlobalSection(SolutionConfigurationPlatforms) = preSolution
		Debug|Any CPU = Debug|Any CPU
		Release|Any CPU = Release|Any CPU
	EndGlobalSection
	GlobalSection(SolutionProperties) = preSolution
		HideSolutionNode = FALSE
	EndGlobalSection
	GlobalSection(ProjectConfigurationPlatforms) = postSolution
		{7846FE58-F6A1-4BD3-9CA5-9D069C44669B}.Debug|Any CPU.ActiveCfg = Debug|Any CPU
		{7846FE58-F6A1-4BD3-9CA5-9D069C44669B}.Debug|Any CPU.Build.0 = Debug|Any CPU
		{7846FE58-F6A1-4BD3-9CA5-9D069C44669B}.Release|Any CPU.ActiveCfg = Release|Any CPU
		{7846FE58-F6A1-4BD3-9CA5-9D069C44669B}.Release|Any CPU.Build.0 = Release|Any CPU
		{3CD86077-E67B-421F-932A-22BF8E9E5967}.Debug|Any CPU.ActiveCfg = Debug|Any CPU
		{3CD86077-E67B-421F-932A-22BF8E9E5967}.Debug|Any CPU.Build.0 = Debug|Any CPU
		{3CD86077-E67B-421F-932A-22BF8E9E5967}.Release|Any CPU.ActiveCfg = Release|Any CPU
		{3CD86077-E67B-421F-932A-22BF8E9E5967}.Release|Any CPU.Build.0 = Release|Any CPU
		{93456994-F51B-4EAB-9B61-521EE724A1FC}.Debug|Any CPU.ActiveCfg = Debug|Any CPU
		{93456994-F51B-4EAB-9B61-521EE724A1FC}.Debug|Any CPU.Build.0 = Debug|Any CPU
		{93456994-F51B-4EAB-9B61-521EE724A1FC}.Release|Any CPU.ActiveCfg = Release|Any CPU
		{93456994-F51B-4EAB-9B61-521EE724A1FC}.Release|Any CPU.Build.0 = Release|Any CPU
		{A2A31179-8C0A-4F0F-97FB-3B4A1584DF79}.Debug|Any CPU.ActiveCfg = Debug|Any CPU
		{A2A31179-8C0A-4F0F-97FB-3B4A1584DF79}.Debug|Any CPU.Build.0 = Debug|Any CPU
		{A2A31179-8C0A-4F0F-97FB-3B4A1584DF79}.Release|Any CPU.ActiveCfg = Release|Any CPU
		{A2A31179-8C0A-4F0F-97FB-3B4A1584DF79}.Release|Any CPU.Build.0 = Release|Any CPU
		{F8B2D1A3-9C4E-4F5B-8D6A-1234567890AB}.Debug|Any CPU.ActiveCfg = Debug|Any CPU
		{F8B2D1A3-9C4E-4F5B-8D6A-1234567890AB}.Debug|Any CPU.Build.0 = Debug|Any CPU
		{F8B2D1A3-9C4E-4F5B-8D6A-1234567890AB}.Release|Any CPU.ActiveCfg = Release|Any CPU
		{F8B2D1A3-9C4E-4F5B-8D6A-1234567890AB}.Release|Any CPU.Build.0 = Release|Any CPU
	EndGlobalSection
	GlobalSection(NestedProjects) = preSolution
		{BF23AB27-FC2B-4EF5-88B0-EDE9A3299B6D} = {3A090B30-390C-4D84-BF89-CF093EC4AD7C}
		{7846FE58-F6A1-4BD3-9CA5-9D069C44669B} = {BF23AB27-FC2B-4EF5-88B0-EDE9A3299B6D}
		{3CD86077-E67B-421F-932A-22BF8E9E5967} = {BF23AB27-FC2B-4EF5-88B0-EDE9A3299B6D}
		{F8B2D1A3-9C4E-4F5B-8D6A-1234567890AB} = {BF23AB27-FC2B-4EF5-88B0-EDE9A3299B6D}
		{93456994-F51B-4EAB-9B61-521EE724A1FC} = {120FB209-6787-45FA-83BD-7A2975FFC6BA}
		{A2A31179-8C0A-4F0F-97FB-3B4A1584DF79} = {120FB209-6787-45FA-83BD-7A2975FFC6BA}
	EndGlobalSection
EndGlobal