
Microsoft Visual Studio Solution File, Format Version 12.00
# Visual Studio Version 17
VisualStudioVersion = 17.0.31903.59
MinimumVisualStudioVersion = 10.0.40219.1
Project("{2150E333-8FDC-42A3-9474-1A3956D46DE8}") = "src", "src", "{F6523C58-C0A0-4948-8002-36FE1341E107}"
EndProject
Project("{2150E333-8FDC-42A3-9474-1A3956D46DE8}") = "server", "server", "{ED0F7207-941E-420D-9C90-A01ABFDF3AF8}"
EndProject
Project("{FAE04EC0-301F-11D3-BF4B-00C04F79EFBC}") = "PushStream.Core", "src\server\PushStream.Core\PushStream.Core.csproj", "{F34F5096-468A-403E-8BF3-26928DDAE2DC}"
EndProject
Project("{2150E333-8FDC-42A3-9474-1A3956D46DE8}") = "tests", "tests", "{A4059714-E15C-4182-A2DD-A641D2D631D7}"
EndProject
Project("{FAE04EC0-301F-11D3-BF4B-00C04F79EFBC}") = "PushStream.Core.Tests", "tests\PushStream.Core.Tests\PushStream.Core.Tests.csproj", "{90C844CD-BB0C-4B60-8FFF-22F1CC7ED63B}"
EndProject
Global
	GlobalSection(SolutionConfigurationPlatforms) = preSolution
		Debug|Any CPU = Debug|Any CPU
		Release|Any CPU = Release|Any CPU
	EndGlobalSection
	GlobalSection(SolutionProperties) = preSolution
		HideSolutionNode = FALSE
	EndGlobalSection
	GlobalSection(ProjectConfigurationPlatforms) = postSolution
		{F34F5096-468A-403E-8BF3-26928DDAE2DC}.Debug|Any CPU.ActiveCfg = Debug|Any CPU
		{F34F5096-468A-403E-8BF3-26928DDAE2DC}.Debug|Any CPU.Build.0 = Debug|Any CPU
		{F34F5096-468A-403E-8BF3-26928DDAE2DC}.Release|Any CPU.ActiveCfg = Release|Any CPU
		{F34F5096-468A-403E-8BF3-26928DDAE2DC}.Release|Any CPU.Build.0 = Release|Any CPU
		{90C844CD-BB0C-4B60-8FFF-22F1CC7ED63B}.Debug|Any CPU.ActiveCfg = Debug|Any CPU
		{90C844CD-BB0C-4B60-8FFF-22F1CC7ED63B}.Debug|Any CPU.Build.0 = Debug|Any CPU
		{90C844CD-BB0C-4B60-8FFF-22F1CC7ED63B}.Release|Any CPU.ActiveCfg = Release|Any CPU
		{90C844CD-BB0C-4B60-8FFF-22F1CC7ED63B}.Release|Any CPU.Build.0 = Release|Any CPU
	EndGlobalSection
	GlobalSection(NestedProjects) = preSolution
		{ED0F7207-941E-420D-9C90-A01ABFDF3AF8} = {F6523C58-C0A0-4948-8002-36FE1341E107}
		{F34F5096-468A-403E-8BF3-26928DDAE2DC} = {ED0F7207-941E-420D-9C90-A01ABFDF3AF8}
		{90C844CD-BB0C-4B60-8FFF-22F1CC7ED63B} = {A4059714-E15C-4182-A2DD-A641D2D631D7}
	EndGlobalSection
EndGlobal